// !$*UTF8*$!
{
	archiveVersion = 1;
	classes = {
	};
	objectVersion = 56;
	objects = {

/* Begin PBXBuildFile section */
		F51A739929CEE3ED00079140 /* BlazePace Watch App.app in Embed Watch Content */ = {isa = PBXBuildFile; fileRef = F51A739829CEE3ED00079140 /* BlazePace Watch App.app */; settings = {ATTRIBUTES = (RemoveHeadersOnCopy, ); }; };
		F51A739E29CEE3ED00079140 /* BlazePaceApp.swift in Sources */ = {isa = PBXBuildFile; fileRef = F51A739D29CEE3ED00079140 /* BlazePaceApp.swift */; };
		F51A73A029CEE3ED00079140 /* MainView.swift in Sources */ = {isa = PBXBuildFile; fileRef = F51A739F29CEE3ED00079140 /* MainView.swift */; };
		F51A73A229CEE3EE00079140 /* Assets.xcassets in Resources */ = {isa = PBXBuildFile; fileRef = F51A73A129CEE3EE00079140 /* Assets.xcassets */; };
		F51A73A529CEE3EE00079140 /* Preview Assets.xcassets in Resources */ = {isa = PBXBuildFile; fileRef = F51A73A429CEE3EE00079140 /* Preview Assets.xcassets */; };
		F526A50F29CEF378004EE912 /* WorkoutViewModel.swift in Sources */ = {isa = PBXBuildFile; fileRef = F526A50E29CEF378004EE912 /* WorkoutViewModel.swift */; };
		F526A51229CEF3A5004EE912 /* TargetPace.swift in Sources */ = {isa = PBXBuildFile; fileRef = F526A51129CEF3A5004EE912 /* TargetPace.swift */; };
		F526A51429CEF3F8004EE912 /* Pace.swift in Sources */ = {isa = PBXBuildFile; fileRef = F526A51329CEF3F8004EE912 /* Pace.swift */; };
		F526A51729CEF4A0004EE912 /* SetupView.swift in Sources */ = {isa = PBXBuildFile; fileRef = F526A51629CEF4A0004EE912 /* SetupView.swift */; };
		F526A51A29CEF6C3004EE912 /* PaceFormatter.swift in Sources */ = {isa = PBXBuildFile; fileRef = F526A51929CEF6C3004EE912 /* PaceFormatter.swift */; };
		F526A51C29CEF91D004EE912 /* Navigation.swift in Sources */ = {isa = PBXBuildFile; fileRef = F526A51B29CEF91D004EE912 /* Navigation.swift */; };
		F526A51E29CEF944004EE912 /* RootView.swift in Sources */ = {isa = PBXBuildFile; fileRef = F526A51D29CEF944004EE912 /* RootView.swift */; };
		F526A52029CEFEBE004EE912 /* PermissionHelper.swift in Sources */ = {isa = PBXBuildFile; fileRef = F526A51F29CEFEBE004EE912 /* PermissionHelper.swift */; };
		F526A52529CF018F004EE912 /* WorkoutController.swift in Sources */ = {isa = PBXBuildFile; fileRef = F526A52429CF018F004EE912 /* WorkoutController.swift */; };
		F526A52729CF0591004EE912 /* Log.swift in Sources */ = {isa = PBXBuildFile; fileRef = F526A52629CF0591004EE912 /* Log.swift */; };
		F526A52929CF0A47004EE912 /* MetricOverview.swift in Sources */ = {isa = PBXBuildFile; fileRef = F526A52829CF0A47004EE912 /* MetricOverview.swift */; };
		F526A52B29CF8E00004EE912 /* WorkoutTabView.swift in Sources */ = {isa = PBXBuildFile; fileRef = F526A52A29CF8E00004EE912 /* WorkoutTabView.swift */; };
		F526A52D29CF8F49004EE912 /* WorkoutManagementView.swift in Sources */ = {isa = PBXBuildFile; fileRef = F526A52C29CF8F49004EE912 /* WorkoutManagementView.swift */; };
		F526A52F29CF9F0F004EE912 /* PaceAlertController.swift in Sources */ = {isa = PBXBuildFile; fileRef = F526A52E29CF9F0F004EE912 /* PaceAlertController.swift */; };
		F526A53129CFA553004EE912 /* SettingsView.swift in Sources */ = {isa = PBXBuildFile; fileRef = F526A53029CFA553004EE912 /* SettingsView.swift */; };
		F526A53329CFA5B7004EE912 /* AppStorageKey.swift in Sources */ = {isa = PBXBuildFile; fileRef = F526A53229CFA5B7004EE912 /* AppStorageKey.swift */; };
		F5FAACD929D02DB700A47C34 /* WorkoutTypeToggle.swift in Sources */ = {isa = PBXBuildFile; fileRef = F5FAACD829D02DB700A47C34 /* WorkoutTypeToggle.swift */; };
		F5FAACDB29D0308C00A47C34 /* WorkoutType.swift in Sources */ = {isa = PBXBuildFile; fileRef = F5FAACDA29D0308C00A47C34 /* WorkoutType.swift */; };
		F5FAACDE29D0338600A47C34 /* View+roundedCorners.swift in Sources */ = {isa = PBXBuildFile; fileRef = F5FAACDD29D0338600A47C34 /* View+roundedCorners.swift */; };
		F5FAACE029D038AA00A47C34 /* WorkoutStartData.swift in Sources */ = {isa = PBXBuildFile; fileRef = F5FAACDF29D038AA00A47C34 /* WorkoutStartData.swift */; };
		F5FAACE229D04C1E00A47C34 /* WorkoutSummary.swift in Sources */ = {isa = PBXBuildFile; fileRef = F5FAACE129D04C1D00A47C34 /* WorkoutSummary.swift */; };
		F5FAACE429D0525A00A47C34 /* SummaryView.swift in Sources */ = {isa = PBXBuildFile; fileRef = F5FAACE329D0525A00A47C34 /* SummaryView.swift */; };
/* End PBXBuildFile section */

/* Begin PBXContainerItemProxy section */
		F51A739A29CEE3ED00079140 /* PBXContainerItemProxy */ = {
			isa = PBXContainerItemProxy;
			containerPortal = F51A738C29CEE3ED00079140 /* Project object */;
			proxyType = 1;
			remoteGlobalIDString = F51A739729CEE3ED00079140;
			remoteInfo = "PaceKeeper Watch App";
		};
/* End PBXContainerItemProxy section */

/* Begin PBXCopyFilesBuildPhase section */
		F51A73AB29CEE3EE00079140 /* Embed Watch Content */ = {
			isa = PBXCopyFilesBuildPhase;
			buildActionMask = 2147483647;
			dstPath = "$(CONTENTS_FOLDER_PATH)/Watch";
			dstSubfolderSpec = 16;
			files = (
				F51A739929CEE3ED00079140 /* BlazePace Watch App.app in Embed Watch Content */,
			);
			name = "Embed Watch Content";
			runOnlyForDeploymentPostprocessing = 0;
		};
/* End PBXCopyFilesBuildPhase section */

/* Begin PBXFileReference section */
		F51A739229CEE3ED00079140 /* BlazePace.app */ = {isa = PBXFileReference; explicitFileType = wrapper.application; includeInIndex = 0; path = BlazePace.app; sourceTree = BUILT_PRODUCTS_DIR; };
		F51A739829CEE3ED00079140 /* BlazePace Watch App.app */ = {isa = PBXFileReference; explicitFileType = wrapper.application; includeInIndex = 0; path = "BlazePace Watch App.app"; sourceTree = BUILT_PRODUCTS_DIR; };
		F51A739D29CEE3ED00079140 /* BlazePaceApp.swift */ = {isa = PBXFileReference; lastKnownFileType = sourcecode.swift; path = BlazePaceApp.swift; sourceTree = "<group>"; };
		F51A739F29CEE3ED00079140 /* MainView.swift */ = {isa = PBXFileReference; lastKnownFileType = sourcecode.swift; path = MainView.swift; sourceTree = "<group>"; };
		F51A73A129CEE3EE00079140 /* Assets.xcassets */ = {isa = PBXFileReference; lastKnownFileType = folder.assetcatalog; path = Assets.xcassets; sourceTree = "<group>"; };
		F51A73A429CEE3EE00079140 /* Preview Assets.xcassets */ = {isa = PBXFileReference; lastKnownFileType = folder.assetcatalog; path = "Preview Assets.xcassets"; sourceTree = "<group>"; };
		F526A50E29CEF378004EE912 /* WorkoutViewModel.swift */ = {isa = PBXFileReference; lastKnownFileType = sourcecode.swift; path = WorkoutViewModel.swift; sourceTree = "<group>"; };
		F526A51129CEF3A5004EE912 /* TargetPace.swift */ = {isa = PBXFileReference; lastKnownFileType = sourcecode.swift; path = TargetPace.swift; sourceTree = "<group>"; };
		F526A51329CEF3F8004EE912 /* Pace.swift */ = {isa = PBXFileReference; lastKnownFileType = sourcecode.swift; path = Pace.swift; sourceTree = "<group>"; };
		F526A51629CEF4A0004EE912 /* SetupView.swift */ = {isa = PBXFileReference; lastKnownFileType = sourcecode.swift; path = SetupView.swift; sourceTree = "<group>"; };
		F526A51929CEF6C3004EE912 /* PaceFormatter.swift */ = {isa = PBXFileReference; lastKnownFileType = sourcecode.swift; path = PaceFormatter.swift; sourceTree = "<group>"; };
		F526A51B29CEF91D004EE912 /* Navigation.swift */ = {isa = PBXFileReference; lastKnownFileType = sourcecode.swift; path = Navigation.swift; sourceTree = "<group>"; };
		F526A51D29CEF944004EE912 /* RootView.swift */ = {isa = PBXFileReference; lastKnownFileType = sourcecode.swift; path = RootView.swift; sourceTree = "<group>"; };
		F526A51F29CEFEBE004EE912 /* PermissionHelper.swift */ = {isa = PBXFileReference; lastKnownFileType = sourcecode.swift; path = PermissionHelper.swift; sourceTree = "<group>"; };
		F526A52129CF0101004EE912 /* BlazePace.entitlements */ = {isa = PBXFileReference; lastKnownFileType = text.plist.entitlements; path = BlazePace.entitlements; sourceTree = "<group>"; };
		F526A52229CF014B004EE912 /* BlazePace-Info.plist */ = {isa = PBXFileReference; lastKnownFileType = text.plist.xml; path = "BlazePace-Info.plist"; sourceTree = SOURCE_ROOT; };
		F526A52429CF018F004EE912 /* WorkoutController.swift */ = {isa = PBXFileReference; lastKnownFileType = sourcecode.swift; path = WorkoutController.swift; sourceTree = "<group>"; };
		F526A52629CF0591004EE912 /* Log.swift */ = {isa = PBXFileReference; lastKnownFileType = sourcecode.swift; path = Log.swift; sourceTree = "<group>"; };
		F526A52829CF0A47004EE912 /* MetricOverview.swift */ = {isa = PBXFileReference; lastKnownFileType = sourcecode.swift; path = MetricOverview.swift; sourceTree = "<group>"; };
		F526A52A29CF8E00004EE912 /* WorkoutTabView.swift */ = {isa = PBXFileReference; lastKnownFileType = sourcecode.swift; path = WorkoutTabView.swift; sourceTree = "<group>"; };
		F526A52C29CF8F49004EE912 /* WorkoutManagementView.swift */ = {isa = PBXFileReference; lastKnownFileType = sourcecode.swift; path = WorkoutManagementView.swift; sourceTree = "<group>"; };
		F526A52E29CF9F0F004EE912 /* PaceAlertController.swift */ = {isa = PBXFileReference; lastKnownFileType = sourcecode.swift; path = PaceAlertController.swift; sourceTree = "<group>"; };
		F526A53029CFA553004EE912 /* SettingsView.swift */ = {isa = PBXFileReference; lastKnownFileType = sourcecode.swift; path = SettingsView.swift; sourceTree = "<group>"; };
		F526A53229CFA5B7004EE912 /* AppStorageKey.swift */ = {isa = PBXFileReference; lastKnownFileType = sourcecode.swift; path = AppStorageKey.swift; sourceTree = "<group>"; };
		F5FAACD829D02DB700A47C34 /* WorkoutTypeToggle.swift */ = {isa = PBXFileReference; lastKnownFileType = sourcecode.swift; path = WorkoutTypeToggle.swift; sourceTree = "<group>"; };
		F5FAACDA29D0308C00A47C34 /* WorkoutType.swift */ = {isa = PBXFileReference; lastKnownFileType = sourcecode.swift; path = WorkoutType.swift; sourceTree = "<group>"; };
		F5FAACDD29D0338600A47C34 /* View+roundedCorners.swift */ = {isa = PBXFileReference; lastKnownFileType = sourcecode.swift; path = "View+roundedCorners.swift"; sourceTree = "<group>"; };
		F5FAACDF29D038AA00A47C34 /* WorkoutStartData.swift */ = {isa = PBXFileReference; lastKnownFileType = sourcecode.swift; path = WorkoutStartData.swift; sourceTree = "<group>"; };
		F5FAACE129D04C1D00A47C34 /* WorkoutSummary.swift */ = {isa = PBXFileReference; lastKnownFileType = sourcecode.swift; path = WorkoutSummary.swift; sourceTree = "<group>"; };
		F5FAACE329D0525A00A47C34 /* SummaryView.swift */ = {isa = PBXFileReference; lastKnownFileType = sourcecode.swift; path = SummaryView.swift; sourceTree = "<group>"; };
/* End PBXFileReference section */

/* Begin PBXFrameworksBuildPhase section */
		F51A739529CEE3ED00079140 /* Frameworks */ = {
			isa = PBXFrameworksBuildPhase;
			buildActionMask = 2147483647;
			files = (
			);
			runOnlyForDeploymentPostprocessing = 0;
		};
/* End PBXFrameworksBuildPhase section */

/* Begin PBXGroup section */
		F51A738B29CEE3ED00079140 = {
			isa = PBXGroup;
			children = (
				F51A739C29CEE3ED00079140 /* BlazePace */,
				F51A739329CEE3ED00079140 /* Products */,
			);
			sourceTree = "<group>";
		};
		F51A739329CEE3ED00079140 /* Products */ = {
			isa = PBXGroup;
			children = (
				F51A739229CEE3ED00079140 /* BlazePace.app */,
				F51A739829CEE3ED00079140 /* BlazePace Watch App.app */,
			);
			name = Products;
			sourceTree = "<group>";
		};
		F51A739C29CEE3ED00079140 /* BlazePace */ = {
			isa = PBXGroup;
			children = (
				F526A52129CF0101004EE912 /* BlazePace.entitlements */,
				F526A52229CF014B004EE912 /* BlazePace-Info.plist */,
				F51A739D29CEE3ED00079140 /* BlazePaceApp.swift */,
				F51A73A129CEE3EE00079140 /* Assets.xcassets */,
				F526A52329CF017E004EE912 /* Controllers */,
				F5FAACDC29D0337B00A47C34 /* Extensions */,
				F526A51829CEF6BA004EE912 /* Helpers */,
				F526A51029CEF395004EE912 /* Models */,
				F51A73A329CEE3EE00079140 /* Preview Content */,
				F526A51529CEF492004EE912 /* Views */,
			);
			path = BlazePace;
			sourceTree = "<group>";
		};
		F51A73A329CEE3EE00079140 /* Preview Content */ = {
			isa = PBXGroup;
			children = (
				F51A73A429CEE3EE00079140 /* Preview Assets.xcassets */,
			);
			path = "Preview Content";
			sourceTree = "<group>";
		};
		F526A51029CEF395004EE912 /* Models */ = {
			isa = PBXGroup;
			children = (
				F526A50E29CEF378004EE912 /* WorkoutViewModel.swift */,
				F526A51129CEF3A5004EE912 /* TargetPace.swift */,
				F526A51329CEF3F8004EE912 /* Pace.swift */,
				F526A51B29CEF91D004EE912 /* Navigation.swift */,
				F5FAACDA29D0308C00A47C34 /* WorkoutType.swift */,
				F5FAACDF29D038AA00A47C34 /* WorkoutStartData.swift */,
				F5FAACE129D04C1D00A47C34 /* WorkoutSummary.swift */,
			);
			path = Models;
			sourceTree = "<group>";
		};
		F526A51529CEF492004EE912 /* Views */ = {
			isa = PBXGroup;
			children = (
				F5FAACD729D02D0A00A47C34 /* ComponentViews */,
				F51A739F29CEE3ED00079140 /* MainView.swift */,
				F526A51629CEF4A0004EE912 /* SetupView.swift */,
				F526A51D29CEF944004EE912 /* RootView.swift */,
				F526A52829CF0A47004EE912 /* MetricOverview.swift */,
				F526A52A29CF8E00004EE912 /* WorkoutTabView.swift */,
				F526A52C29CF8F49004EE912 /* WorkoutManagementView.swift */,
				F526A53029CFA553004EE912 /* SettingsView.swift */,
				F5FAACE329D0525A00A47C34 /* SummaryView.swift */,
			);
			path = Views;
			sourceTree = "<group>";
		};
		F526A51829CEF6BA004EE912 /* Helpers */ = {
			isa = PBXGroup;
			children = (
				F526A51929CEF6C3004EE912 /* PaceFormatter.swift */,
				F526A51F29CEFEBE004EE912 /* PermissionHelper.swift */,
				F526A52629CF0591004EE912 /* Log.swift */,
				F526A53229CFA5B7004EE912 /* AppStorageKey.swift */,
			);
			path = Helpers;
			sourceTree = "<group>";
		};
		F526A52329CF017E004EE912 /* Controllers */ = {
			isa = PBXGroup;
			children = (
				F526A52429CF018F004EE912 /* WorkoutController.swift */,
				F526A52E29CF9F0F004EE912 /* PaceAlertController.swift */,
			);
			path = Controllers;
			sourceTree = "<group>";
		};
		F5FAACD729D02D0A00A47C34 /* ComponentViews */ = {
			isa = PBXGroup;
			children = (
				F5FAACD829D02DB700A47C34 /* WorkoutTypeToggle.swift */,
			);
			path = ComponentViews;
			sourceTree = "<group>";
		};
		F5FAACDC29D0337B00A47C34 /* Extensions */ = {
			isa = PBXGroup;
			children = (
				F5FAACDD29D0338600A47C34 /* View+roundedCorners.swift */,
			);
			path = Extensions;
			sourceTree = "<group>";
		};
/* End PBXGroup section */

/* Begin PBXNativeTarget section */
		F51A739129CEE3ED00079140 /* BlazePace */ = {
			isa = PBXNativeTarget;
			buildConfigurationList = F51A73AC29CEE3EE00079140 /* Build configuration list for PBXNativeTarget "BlazePace" */;
			buildPhases = (
				F51A739029CEE3ED00079140 /* Resources */,
				F51A73AB29CEE3EE00079140 /* Embed Watch Content */,
			);
			buildRules = (
			);
			dependencies = (
				F51A739B29CEE3ED00079140 /* PBXTargetDependency */,
			);
			name = BlazePace;
			productName = PaceKeeper;
			productReference = F51A739229CEE3ED00079140 /* BlazePace.app */;
			productType = "com.apple.product-type.application.watchapp2-container";
		};
		F51A739729CEE3ED00079140 /* BlazePace Watch App */ = {
			isa = PBXNativeTarget;
			buildConfigurationList = F51A73A829CEE3EE00079140 /* Build configuration list for PBXNativeTarget "BlazePace Watch App" */;
			buildPhases = (
				F51A739429CEE3ED00079140 /* Sources */,
				F51A739529CEE3ED00079140 /* Frameworks */,
				F51A739629CEE3ED00079140 /* Resources */,
			);
			buildRules = (
			);
			dependencies = (
			);
			name = "BlazePace Watch App";
			productName = "PaceKeeper Watch App";
			productReference = F51A739829CEE3ED00079140 /* BlazePace Watch App.app */;
			productType = "com.apple.product-type.application";
		};
/* End PBXNativeTarget section */

/* Begin PBXProject section */
		F51A738C29CEE3ED00079140 /* Project object */ = {
			isa = PBXProject;
			attributes = {
				BuildIndependentTargetsInParallel = 1;
				LastSwiftUpdateCheck = 1420;
				LastUpgradeCheck = 1420;
				TargetAttributes = {
					F51A739129CEE3ED00079140 = {
						CreatedOnToolsVersion = 14.2;
					};
					F51A739729CEE3ED00079140 = {
						CreatedOnToolsVersion = 14.2;
					};
				};
			};
			buildConfigurationList = F51A738F29CEE3ED00079140 /* Build configuration list for PBXProject "BlazePace" */;
			compatibilityVersion = "Xcode 14.0";
			developmentRegion = en;
			hasScannedForEncodings = 0;
			knownRegions = (
				en,
				Base,
			);
			mainGroup = F51A738B29CEE3ED00079140;
			productRefGroup = F51A739329CEE3ED00079140 /* Products */;
			projectDirPath = "";
			projectRoot = "";
			targets = (
				F51A739129CEE3ED00079140 /* BlazePace */,
				F51A739729CEE3ED00079140 /* BlazePace Watch App */,
			);
		};
/* End PBXProject section */

/* Begin PBXResourcesBuildPhase section */
		F51A739029CEE3ED00079140 /* Resources */ = {
			isa = PBXResourcesBuildPhase;
			buildActionMask = 2147483647;
			files = (
			);
			runOnlyForDeploymentPostprocessing = 0;
		};
		F51A739629CEE3ED00079140 /* Resources */ = {
			isa = PBXResourcesBuildPhase;
			buildActionMask = 2147483647;
			files = (
				F51A73A529CEE3EE00079140 /* Preview Assets.xcassets in Resources */,
				F51A73A229CEE3EE00079140 /* Assets.xcassets in Resources */,
			);
			runOnlyForDeploymentPostprocessing = 0;
		};
/* End PBXResourcesBuildPhase section */

/* Begin PBXSourcesBuildPhase section */
		F51A739429CEE3ED00079140 /* Sources */ = {
			isa = PBXSourcesBuildPhase;
			buildActionMask = 2147483647;
			files = (
				F526A51729CEF4A0004EE912 /* SetupView.swift in Sources */,
				F51A73A029CEE3ED00079140 /* MainView.swift in Sources */,
				F526A52929CF0A47004EE912 /* MetricOverview.swift in Sources */,
				F526A52729CF0591004EE912 /* Log.swift in Sources */,
				F526A52029CEFEBE004EE912 /* PermissionHelper.swift in Sources */,
				F5FAACE429D0525A00A47C34 /* SummaryView.swift in Sources */,
				F526A53129CFA553004EE912 /* SettingsView.swift in Sources */,
				F51A739E29CEE3ED00079140 /* BlazePaceApp.swift in Sources */,
				F526A51C29CEF91D004EE912 /* Navigation.swift in Sources */,
				F5FAACE229D04C1E00A47C34 /* WorkoutSummary.swift in Sources */,
				F526A52D29CF8F49004EE912 /* WorkoutManagementView.swift in Sources */,
				F526A50F29CEF378004EE912 /* WorkoutViewModel.swift in Sources */,
				F5FAACDE29D0338600A47C34 /* View+roundedCorners.swift in Sources */,
				F526A52F29CF9F0F004EE912 /* PaceAlertController.swift in Sources */,
				F526A52529CF018F004EE912 /* WorkoutController.swift in Sources */,
				F526A51E29CEF944004EE912 /* RootView.swift in Sources */,
				F5FAACDB29D0308C00A47C34 /* WorkoutType.swift in Sources */,
				F526A51229CEF3A5004EE912 /* TargetPace.swift in Sources */,
				F5FAACE029D038AA00A47C34 /* WorkoutStartData.swift in Sources */,
				F526A53329CFA5B7004EE912 /* AppStorageKey.swift in Sources */,
				F526A51A29CEF6C3004EE912 /* PaceFormatter.swift in Sources */,
				F5FAACD929D02DB700A47C34 /* WorkoutTypeToggle.swift in Sources */,
				F526A52B29CF8E00004EE912 /* WorkoutTabView.swift in Sources */,
				F526A51429CEF3F8004EE912 /* Pace.swift in Sources */,
			);
			runOnlyForDeploymentPostprocessing = 0;
		};
/* End PBXSourcesBuildPhase section */

/* Begin PBXTargetDependency section */
		F51A739B29CEE3ED00079140 /* PBXTargetDependency */ = {
			isa = PBXTargetDependency;
			target = F51A739729CEE3ED00079140 /* BlazePace Watch App */;
			targetProxy = F51A739A29CEE3ED00079140 /* PBXContainerItemProxy */;
		};
/* End PBXTargetDependency section */

/* Begin XCBuildConfiguration section */
		F51A73A629CEE3EE00079140 /* Debug */ = {
			isa = XCBuildConfiguration;
			buildSettings = {
				ALWAYS_SEARCH_USER_PATHS = NO;
				CLANG_ANALYZER_NONNULL = YES;
				CLANG_ANALYZER_NUMBER_OBJECT_CONVERSION = YES_AGGRESSIVE;
				CLANG_CXX_LANGUAGE_STANDARD = "gnu++20";
				CLANG_ENABLE_MODULES = YES;
				CLANG_ENABLE_OBJC_ARC = YES;
				CLANG_ENABLE_OBJC_WEAK = YES;
				CLANG_WARN_BLOCK_CAPTURE_AUTORELEASING = YES;
				CLANG_WARN_BOOL_CONVERSION = YES;
				CLANG_WARN_COMMA = YES;
				CLANG_WARN_CONSTANT_CONVERSION = YES;
				CLANG_WARN_DEPRECATED_OBJC_IMPLEMENTATIONS = YES;
				CLANG_WARN_DIRECT_OBJC_ISA_USAGE = YES_ERROR;
				CLANG_WARN_DOCUMENTATION_COMMENTS = YES;
				CLANG_WARN_EMPTY_BODY = YES;
				CLANG_WARN_ENUM_CONVERSION = YES;
				CLANG_WARN_INFINITE_RECURSION = YES;
				CLANG_WARN_INT_CONVERSION = YES;
				CLANG_WARN_NON_LITERAL_NULL_CONVERSION = YES;
				CLANG_WARN_OBJC_IMPLICIT_RETAIN_SELF = YES;
				CLANG_WARN_OBJC_LITERAL_CONVERSION = YES;
				CLANG_WARN_OBJC_ROOT_CLASS = YES_ERROR;
				CLANG_WARN_QUOTED_INCLUDE_IN_FRAMEWORK_HEADER = YES;
				CLANG_WARN_RANGE_LOOP_ANALYSIS = YES;
				CLANG_WARN_STRICT_PROTOTYPES = YES;
				CLANG_WARN_SUSPICIOUS_MOVE = YES;
				CLANG_WARN_UNGUARDED_AVAILABILITY = YES_AGGRESSIVE;
				CLANG_WARN_UNREACHABLE_CODE = YES;
				CLANG_WARN__DUPLICATE_METHOD_MATCH = YES;
				COPY_PHASE_STRIP = NO;
				DEBUG_INFORMATION_FORMAT = dwarf;
				ENABLE_STRICT_OBJC_MSGSEND = YES;
				ENABLE_TESTABILITY = YES;
				GCC_C_LANGUAGE_STANDARD = gnu11;
				GCC_DYNAMIC_NO_PIC = NO;
				GCC_NO_COMMON_BLOCKS = YES;
				GCC_OPTIMIZATION_LEVEL = 0;
				GCC_PREPROCESSOR_DEFINITIONS = (
					"DEBUG=1",
					"$(inherited)",
				);
				GCC_WARN_64_TO_32_BIT_CONVERSION = YES;
				GCC_WARN_ABOUT_RETURN_TYPE = YES_ERROR;
				GCC_WARN_UNDECLARED_SELECTOR = YES;
				GCC_WARN_UNINITIALIZED_AUTOS = YES_AGGRESSIVE;
				GCC_WARN_UNUSED_FUNCTION = YES;
				GCC_WARN_UNUSED_VARIABLE = YES;
				MTL_ENABLE_DEBUG_INFO = INCLUDE_SOURCE;
				MTL_FAST_MATH = YES;
				ONLY_ACTIVE_ARCH = YES;
				SWIFT_ACTIVE_COMPILATION_CONDITIONS = DEBUG;
				SWIFT_OPTIMIZATION_LEVEL = "-Onone";
			};
			name = Debug;
		};
		F51A73A729CEE3EE00079140 /* Release */ = {
			isa = XCBuildConfiguration;
			buildSettings = {
				ALWAYS_SEARCH_USER_PATHS = NO;
				CLANG_ANALYZER_NONNULL = YES;
				CLANG_ANALYZER_NUMBER_OBJECT_CONVERSION = YES_AGGRESSIVE;
				CLANG_CXX_LANGUAGE_STANDARD = "gnu++20";
				CLANG_ENABLE_MODULES = YES;
				CLANG_ENABLE_OBJC_ARC = YES;
				CLANG_ENABLE_OBJC_WEAK = YES;
				CLANG_WARN_BLOCK_CAPTURE_AUTORELEASING = YES;
				CLANG_WARN_BOOL_CONVERSION = YES;
				CLANG_WARN_COMMA = YES;
				CLANG_WARN_CONSTANT_CONVERSION = YES;
				CLANG_WARN_DEPRECATED_OBJC_IMPLEMENTATIONS = YES;
				CLANG_WARN_DIRECT_OBJC_ISA_USAGE = YES_ERROR;
				CLANG_WARN_DOCUMENTATION_COMMENTS = YES;
				CLANG_WARN_EMPTY_BODY = YES;
				CLANG_WARN_ENUM_CONVERSION = YES;
				CLANG_WARN_INFINITE_RECURSION = YES;
				CLANG_WARN_INT_CONVERSION = YES;
				CLANG_WARN_NON_LITERAL_NULL_CONVERSION = YES;
				CLANG_WARN_OBJC_IMPLICIT_RETAIN_SELF = YES;
				CLANG_WARN_OBJC_LITERAL_CONVERSION = YES;
				CLANG_WARN_OBJC_ROOT_CLASS = YES_ERROR;
				CLANG_WARN_QUOTED_INCLUDE_IN_FRAMEWORK_HEADER = YES;
				CLANG_WARN_RANGE_LOOP_ANALYSIS = YES;
				CLANG_WARN_STRICT_PROTOTYPES = YES;
				CLANG_WARN_SUSPICIOUS_MOVE = YES;
				CLANG_WARN_UNGUARDED_AVAILABILITY = YES_AGGRESSIVE;
				CLANG_WARN_UNREACHABLE_CODE = YES;
				CLANG_WARN__DUPLICATE_METHOD_MATCH = YES;
				COPY_PHASE_STRIP = NO;
				DEBUG_INFORMATION_FORMAT = "dwarf-with-dsym";
				ENABLE_NS_ASSERTIONS = NO;
				ENABLE_STRICT_OBJC_MSGSEND = YES;
				GCC_C_LANGUAGE_STANDARD = gnu11;
				GCC_NO_COMMON_BLOCKS = YES;
				GCC_WARN_64_TO_32_BIT_CONVERSION = YES;
				GCC_WARN_ABOUT_RETURN_TYPE = YES_ERROR;
				GCC_WARN_UNDECLARED_SELECTOR = YES;
				GCC_WARN_UNINITIALIZED_AUTOS = YES_AGGRESSIVE;
				GCC_WARN_UNUSED_FUNCTION = YES;
				GCC_WARN_UNUSED_VARIABLE = YES;
				MTL_ENABLE_DEBUG_INFO = NO;
				MTL_FAST_MATH = YES;
				SWIFT_COMPILATION_MODE = wholemodule;
				SWIFT_OPTIMIZATION_LEVEL = "-O";
			};
			name = Release;
		};
		F51A73A929CEE3EE00079140 /* Debug */ = {
			isa = XCBuildConfiguration;
			buildSettings = {
				ASSETCATALOG_COMPILER_APPICON_NAME = AppIcon;
				ASSETCATALOG_COMPILER_GLOBAL_ACCENT_COLOR_NAME = AccentColor;
				CODE_SIGN_ENTITLEMENTS = BlazePace/BlazePace.entitlements;
				CODE_SIGN_STYLE = Automatic;
				CURRENT_PROJECT_VERSION = 1;
				DEVELOPMENT_ASSET_PATHS = "\"BlazePace/Preview Content\"";
				DEVELOPMENT_TEAM = WSQ25TFDK3;
				ENABLE_PREVIEWS = YES;
				GENERATE_INFOPLIST_FILE = YES;
				INFOPLIST_FILE = "BlazePace-Info.plist";
				INFOPLIST_KEY_CFBundleDisplayName = BlazePace;
				INFOPLIST_KEY_NSHealthShareUsageDescription = "This is needed in order to display workout metrics.";
				INFOPLIST_KEY_NSHealthUpdateUsageDescription = "This is needed in order to record workouts.";
				INFOPLIST_KEY_UISupportedInterfaceOrientations = "UIInterfaceOrientationPortrait UIInterfaceOrientationPortraitUpsideDown";
				INFOPLIST_KEY_WKWatchOnly = YES;
				LD_RUNPATH_SEARCH_PATHS = (
					"$(inherited)",
					"@executable_path/Frameworks",
				);
				MARKETING_VERSION = 1.0;
				PRODUCT_BUNDLE_IDENTIFIER = no.jstien.blazepaze.watchos;
				PRODUCT_NAME = "$(TARGET_NAME)";
				SDKROOT = watchos;
				SKIP_INSTALL = YES;
				SWIFT_EMIT_LOC_STRINGS = YES;
				SWIFT_VERSION = 5.0;
				TARGETED_DEVICE_FAMILY = 4;
				WATCHOS_DEPLOYMENT_TARGET = 9.1;
			};
			name = Debug;
		};
		F51A73AA29CEE3EE00079140 /* Release */ = {
			isa = XCBuildConfiguration;
			buildSettings = {
				ASSETCATALOG_COMPILER_APPICON_NAME = AppIcon;
				ASSETCATALOG_COMPILER_GLOBAL_ACCENT_COLOR_NAME = AccentColor;
				CODE_SIGN_ENTITLEMENTS = BlazePace/BlazePace.entitlements;
				CODE_SIGN_STYLE = Automatic;
				CURRENT_PROJECT_VERSION = 1;
				DEVELOPMENT_ASSET_PATHS = "\"BlazePace/Preview Content\"";
				DEVELOPMENT_TEAM = WSQ25TFDK3;
				ENABLE_PREVIEWS = YES;
				GENERATE_INFOPLIST_FILE = YES;
				INFOPLIST_FILE = "BlazePace-Info.plist";
				INFOPLIST_KEY_CFBundleDisplayName = BlazePace;
				INFOPLIST_KEY_NSHealthShareUsageDescription = "This is needed in order to display workout metrics.";
				INFOPLIST_KEY_NSHealthUpdateUsageDescription = "This is needed in order to record workouts.";
				INFOPLIST_KEY_UISupportedInterfaceOrientations = "UIInterfaceOrientationPortrait UIInterfaceOrientationPortraitUpsideDown";
				INFOPLIST_KEY_WKWatchOnly = YES;
				LD_RUNPATH_SEARCH_PATHS = (
					"$(inherited)",
					"@executable_path/Frameworks",
				);
				MARKETING_VERSION = 1.0;
				PRODUCT_BUNDLE_IDENTIFIER = no.jstien.blazepaze.watchos;
				PRODUCT_NAME = "$(TARGET_NAME)";
				SDKROOT = watchos;
				SKIP_INSTALL = YES;
				SWIFT_EMIT_LOC_STRINGS = YES;
				SWIFT_VERSION = 5.0;
				TARGETED_DEVICE_FAMILY = 4;
				VALIDATE_PRODUCT = YES;
				WATCHOS_DEPLOYMENT_TARGET = 9.1;
			};
			name = Release;
		};
		F51A73AD29CEE3EE00079140 /* Debug */ = {
			isa = XCBuildConfiguration;
			buildSettings = {
				ALWAYS_EMBED_SWIFT_STANDARD_LIBRARIES = YES;
				CODE_SIGN_STYLE = Automatic;
				CURRENT_PROJECT_VERSION = 1;
				DEVELOPMENT_TEAM = WSQ25TFDK3;
				INFOPLIST_KEY_CFBundleDisplayName = BlazePace;
				MARKETING_VERSION = 1.0;
				PRODUCT_BUNDLE_IDENTIFIER = no.jstien.blazepace.watchos;
				PRODUCT_NAME = "$(TARGET_NAME)";
				SDKROOT = iphoneos;
				SWIFT_VERSION = 5.0;
			};
			name = Debug;
		};
		F51A73AE29CEE3EE00079140 /* Release */ = {
			isa = XCBuildConfiguration;
			buildSettings = {
				ALWAYS_EMBED_SWIFT_STANDARD_LIBRARIES = YES;
				CODE_SIGN_STYLE = Automatic;
				CURRENT_PROJECT_VERSION = 1;
				DEVELOPMENT_TEAM = WSQ25TFDK3;
				INFOPLIST_KEY_CFBundleDisplayName = BlazePace;
				MARKETING_VERSION = 1.0;
				PRODUCT_BUNDLE_IDENTIFIER = no.jstien.blazepace.watchos;
				PRODUCT_NAME = "$(TARGET_NAME)";
				SDKROOT = iphoneos;
				SWIFT_VERSION = 5.0;
				VALIDATE_PRODUCT = YES;
			};
			name = Release;
		};
/* End XCBuildConfiguration section */

/* Begin XCConfigurationList section */
		F51A738F29CEE3ED00079140 /* Build configuration list for PBXProject "BlazePace" */ = {
			isa = XCConfigurationList;
			buildConfigurations = (
				F51A73A629CEE3EE00079140 /* Debug */,
				F51A73A729CEE3EE00079140 /* Release */,
			);
			defaultConfigurationIsVisible = 0;
			defaultConfigurationName = Release;
		};
		F51A73A829CEE3EE00079140 /* Build configuration list for PBXNativeTarget "BlazePace Watch App" */ = {
			isa = XCConfigurationList;
			buildConfigurations = (
				F51A73A929CEE3EE00079140 /* Debug */,
				F51A73AA29CEE3EE00079140 /* Release */,
			);
			defaultConfigurationIsVisible = 0;
			defaultConfigurationName = Release;
		};
		F51A73AC29CEE3EE00079140 /* Build configuration list for PBXNativeTarget "BlazePace" */ = {
			isa = XCConfigurationList;
			buildConfigurations = (
				F51A73AD29CEE3EE00079140 /* Debug */,
				F51A73AE29CEE3EE00079140 /* Release */,
			);
			defaultConfigurationIsVisible = 0;
			defaultConfigurationName = Release;
		};
/* End XCConfigurationList section */
	};
	rootObject = F51A738C29CEE3ED00079140 /* Project object */;
}
